Microsoft Visual Studio Solution File, Format Version 12.00
# Visual Studio Version 17
VisualStudioVersion = 17.5.2.0
MinimumVisualStudioVersion = 10.0.40219.1
Project("{FAE04EC0-301F-11D3-BF4B-00C04F79EFBC}") = "MVCTest", "MVCTest.csproj", "{290E9CB8-3F9F-6C66-E420-3DD87C544BB8}"
EndProject
Global
	GlobalSection(SolutionConfigurationPlatforms) = preSolution
		Debug|Any CPU = Debug|Any CPU
		Release|Any CPU = Release|Any CPU
	EndGlobalSection
	GlobalSection(ProjectConfigurationPlatforms) = postSolution
		{290E9CB8-3F9F-6C66-E420-3DD87C544BB8}.Debug|Any CPU.ActiveCfg = Debug|Any CPU
		{290E9CB8-3F9F-6C66-E420-3DD87C544BB8}.Debug|Any CPU.Build.0 = Debug|Any CPU
		{290E9CB8-3F9F-6C66-E420-3DD87C544BB8}.Release|Any CPU.ActiveCfg = Release|Any CPU
		{290E9CB8-3F9F-6C66-E420-3DD87C544BB8}.Release|Any CPU.Build.0 = Release|Any CPU
	EndGlobalSection
	GlobalSection(SolutionProperties) = preSolution
		HideSolutionNode = FALSE
	EndGlobalSection
	GlobalSection(ExtensibilityGlobals) = postSolution
		SolutionGuid = {8D7999A4-2A23-478C-A8F3-76F64787F17A}
	EndGlobalSection
EndGlobal
